{
  "name": "ezburn.github.io",
  "lockfileVersion": 3,
  "requires": true,
  "packages": {
    "": {
      "dependencies": {
        "ezburn": "0.1.0",
        "fast-watch": "1.0.0",
        "highlight.js": "10.4.1",
        "js-yaml": "3.14.0",
        "markdown-it": "12.3.2",
        "polywasm": "0.2.0",
        "punycode": "^2.3.1"
      }
    },
    "node_modules/@ezburn/darwin-arm64": {
      "version": "0.1.0",
      "resolved": "https://registry.npmjs.org/@ezburn/darwin-arm64/-/darwin-arm64-0.1.0.tgz",
      "integrity": "sha512-EtixvJRR2GZRLpyQDyWl6OQD/WkbCM3rB9tNTr6LSmkg0GV6ujfgFzFjzEMmftsmNIKw2CXXgw4drz5VS7yxVA==",
      "cpu": [
        "arm64"
      ],
      "license": "MIT",
      "optional": true,
      "os": [
        "darwin"
      ],
      "engines": {
        "node": ">=18"
      }
    },
    "node_modules/@ezburn/darwin-x64": {
      "version": "0.1.0",
      "resolved": "https://registry.npmjs.org/@ezburn/darwin-x64/-/darwin-x64-0.1.0.tgz",
      "integrity": "sha512-r2cLOALAISdxQH0h+F+f0DnyATX64L+xzBW5hZYARXqYB5PHp7DScoPQ7jfdE5gvMbe+7H9T34O3vsYNH05IuQ==",
      "cpu": [
        "x64"
      ],
      "license": "MIT",
      "optional": true,
      "os": [
        "darwin"
      ],
      "engines": {
        "node": ">=18"
      }
    },
    "node_modules/@ezburn/openbsd-arm64": {
      "version": "0.1.0",
      "resolved": "https://registry.npmjs.org/@ezburn/openbsd-arm64/-/openbsd-arm64-0.1.0.tgz",
      "integrity": "sha512-qVufWLat6mkwTaScK5Chn8fpbutvO2AiFuMzydn2GvHpw+yoGIuIGZetkPNw3aORB6mqixEVAluBaWl2+b/vdQ==",
      "cpu": [
        "arm64"
      ],
      "license": "MIT",
      "optional": true,
      "os": [
        "openbsd"
      ],
      "engines": {
        "node": ">=18"
      }
    },
    "node_modules/argparse": {
      "version": "1.0.10",
      "resolved": "https://registry.npmjs.org/argparse/-/argparse-1.0.10.tgz",
      "integrity": "sha512-o5Roy6tNG4SL/FOkCAN6RzjiakZS25RLYFrcMttJqbdd8BWrnA+fGz57iN5Pb06pvBGvl5gQ0B48dJlslXvoTg==",
      "license": "MIT",
      "dependencies": {
        "sprintf-js": "~1.0.2"
      }
    },
    "node_modules/entities": {
      "version": "2.1.0",
      "resolved": "https://registry.npmjs.org/entities/-/entities-2.1.0.tgz",
      "integrity": "sha512-hCx1oky9PFrJ611mf0ifBLBRW8lUUVRlFolb5gWRfIELabBlbp9xZvrqZLZAs+NxFnbfQoeGd8wDkygjg7U85w==",
      "license": "BSD-2-Clause",
      "funding": {
        "url": "https://github.com/fb55/entities?sponsor=1"
      }
    },
    "node_modules/esprima": {
      "version": "4.0.1",
      "resolved": "https://registry.npmjs.org/esprima/-/esprima-4.0.1.tgz",
      "integrity": "sha512-eGuFFw7Upda+g4p+QHvnW0RyTX/SVeJBDM/gCtMARO0cLuT2HcEKnTPvhjV6aGeqrCB/sbNop0Kszm0jsaWU4A==",
      "license": "BSD-2-Clause",
      "bin": {
        "esparse": "bin/esparse.js",
        "esvalidate": "bin/esvalidate.js"
      },
      "engines": {
        "node": ">=4"
      }
    },
    "node_modules/ezburn": {
      "version": "0.1.0",
      "resolved": "https://registry.npmjs.org/ezburn/-/ezburn-0.1.0.tgz",
      "integrity": "sha512-nHhFKnia8t2013/nJwJ8B8UDUSWJDhRzfVs++6VCVbKY2Ozvzrt5rwWE70SzYf5zh0NEMNIU/BU9Nxb8zm32xQ==",
      "hasInstallScript": true,
      "license": "MIT",
      "bin": {
        "ezburn": "bin/ezburn"
      },
      "engines": {
        "node": ">=18"
      },
      "optionalDependencies": {
        "@ezburn/aix-ppc64": "0.1.0",
        "@ezburn/android-arm": "0.1.0",
        "@ezburn/android-arm64": "0.1.0",
        "@ezburn/android-x64": "0.1.0",
        "@ezburn/darwin-arm64": "0.1.0",
        "@ezburn/darwin-x64": "0.1.0",
        "@ezburn/freebsd-arm64": "0.1.0",
        "@ezburn/freebsd-x64": "0.1.0",
        "@ezburn/linux-arm": "0.1.0",
        "@ezburn/linux-arm64": "0.1.0",
        "@ezburn/linux-ia32": "0.1.0",
        "@ezburn/linux-loong64": "0.1.0",
        "@ezburn/linux-mips64el": "0.1.0",
        "@ezburn/linux-ppc64": "0.1.0",
        "@ezburn/linux-riscv64": "0.1.0",
        "@ezburn/linux-s390x": "0.1.0",
        "@ezburn/linux-x64": "0.1.0",
        "@ezburn/netbsd-arm64": "0.1.0",
        "@ezburn/netbsd-x64": "0.1.0",
        "@ezburn/openbsd-arm64": "0.1.0",
        "@ezburn/openbsd-x64": "0.1.0",
        "@ezburn/sunos-x64": "0.1.0",
        "@ezburn/win32-arm64": "0.1.0",
        "@ezburn/win32-ia32": "0.1.0",
        "@ezburn/win32-x64": "0.1.0"
      }
    },
    "node_modules/fast-watch": {
      "version": "1.0.0",
      "resolved": "https://registry.npmjs.org/fast-watch/-/fast-watch-1.0.0.tgz",
      "integrity": "sha512-WrPvZ/HhuKCULVhnkQvltZ85a0VYYQqDU0u0TV94WRda/pZo4CTinETa7IaEwrAdmCHoZ6XsG04pe0FFtd6NtA==",
      "bin": {
        "watch": "watch"
      }
    },
    "node_modules/highlight.js": {
      "version": "10.4.1",
      "resolved": "https://registry.npmjs.org/highlight.js/-/highlight.js-10.4.1.tgz",
      "integrity": "sha512-yR5lWvNz7c85OhVAEAeFhVCc/GV4C30Fjzc/rCP0aCWzc1UUOPUk55dK/qdwTZHBvMZo+eZ2jpk62ndX/xMFlg==",
      "license": "BSD-3-Clause",
      "engines": {
        "node": "*"
      }
    },
    "node_modules/js-yaml": {
      "version": "3.14.0",
      "resolved": "https://registry.npmjs.org/js-yaml/-/js-yaml-3.14.0.tgz",
      "integrity": "sha512-/4IbIeHcD9VMHFqDR/gQ7EdZdLimOvW2DdcxFjdyyZ9NsbS+ccrXqVWDtab/lRl5AlUqmpBx8EhPaWR+OtY17A==",
      "license": "MIT",
      "dependencies": {
        "argparse": "^1.0.7",
        "esprima": "^4.0.0"
      },
      "bin": {
        "js-yaml": "bin/js-yaml.js"
      }
    },
    "node_modules/linkify-it": {
      "version": "3.0.3",
      "resolved": "https://registry.npmjs.org/linkify-it/-/linkify-it-3.0.3.tgz",
      "integrity": "sha512-ynTsyrFSdE5oZ/O9GEf00kPngmOfVwazR5GKDq6EYfhlpFug3J2zybX56a2PRRpc9P+FuSoGNAwjlbDs9jJBPQ==",
      "license": "MIT",
      "dependencies": {
        "uc.micro": "^1.0.1"
      }
    },
    "node_modules/markdown-it": {
      "version": "12.3.2",
      "resolved": "https://registry.npmjs.org/markdown-it/-/markdown-it-12.3.2.tgz",
      "integrity": "sha512-TchMembfxfNVpHkbtriWltGWc+m3xszaRD0CZup7GFFhzIgQqxIfn3eGj1yZpfuflzPvfkt611B2Q/Bsk1YnGg==",
      "license": "MIT",
      "dependencies": {
        "argparse": "^2.0.1",
        "entities": "~2.1.0",
        "linkify-it": "^3.0.1",
        "mdurl": "^1.0.1",
        "uc.micro": "^1.0.5"
      },
      "bin": {
        "markdown-it": "bin/markdown-it.js"
      }
    },
    "node_modules/markdown-it/node_modules/argparse": {
      "version": "2.0.1",
      "resolved": "https://registry.npmjs.org/argparse/-/argparse-2.0.1.tgz",
      "integrity": "sha512-8+9WqebbFzpX9OR+Wa6O29asIogeRMzcGtAINdpMHHyAg10f05aSFVBbcEqGf/PXw1EjAZ+q2/bEBg3DvurK3Q==",
      "license": "Python-2.0"
    },
    "node_modules/mdurl": {
      "version": "1.0.1",
      "resolved": "https://registry.npmjs.org/mdurl/-/mdurl-1.0.1.tgz",
      "integrity": "sha512-/sKlQJCBYVY9Ers9hqzKou4H6V5UWc/M59TH2dvkt+84itfnq7uFOMLpOiOS4ujvHP4etln18fmIxA5R5fll0g==",
      "license": "MIT"
    },
    "node_modules/polywasm": {
      "version": "0.2.0",
      "resolved": "https://registry.npmjs.org/polywasm/-/polywasm-0.2.0.tgz",
      "integrity": "sha512-13Lg5S4fkF6onHsIeITWBnrPYhPe6iqdZCGJ8K+RAlL3qvGptPuWR4aQtULmbkGW2/XzXxWoHKlWsYRAvfcLnA==",
      "license": "MIT"
    },
    "node_modules/punycode": {
      "version": "2.3.1",
      "resolved": "https://registry.npmjs.org/punycode/-/punycode-2.3.1.tgz",
      "integrity": "sha512-vYt7UD1U9Wg6138shLtLOvdAu+8DsC/ilFtEVHcH+wydcSpNE20AfSOduf6MkRFahL5FY7X1oU7nKVZFtfq8Fg==",
      "license": "MIT",
      "engines": {
        "node": ">=6"
      }
    },
    "node_modules/sprintf-js": {
      "version": "1.0.3",
      "resolved": "https://registry.npmjs.org/sprintf-js/-/sprintf-js-1.0.3.tgz",
      "integrity": "sha512-D9cPgkvLlV3t3IzL0D0YLvGA9Ahk4PcvVwUbN0dSGr1aP0Nrt4AEnTUbuGvquEC0mA64Gqt1fzirlRs5ibXx8g==",
      "license": "BSD-3-Clause"
    },
    "node_modules/uc.micro": {
      "version": "1.0.6",
      "resolved": "https://registry.npmjs.org/uc.micro/-/uc.micro-1.0.6.tgz",
      "integrity": "sha512-8Y75pvTYkLJW2hWQHXxoqRgV7qb9B+9vFEtidML+7koHUFapnVJAZ6cKs+Qjz5Aw3aZWHMC6u0wJE3At+nSGwA==",
      "license": "MIT"
    }
  }
}
